
Microsoft Visual Studio Solution File, Format Version 12.00
Project("{FAE04EC0-301F-11D3-BF4B-00C04F79EFBC}") = "FileKeyword", "FileKeyword\FileKeyword.csproj", "{9C5C2CA6-13F5-4E7B-95E2-F71985691E3A}"
EndProject
Global
	GlobalSection(SolutionConfigurationPlatforms) = preSolution
		Debug|Any CPU = Debug|Any CPU
		Release|Any CPU = Release|Any CPU
	EndGlobalSection
	GlobalSection(ProjectConfigurationPlatforms) = postSolution
		{9C5C2CA6-13F5-4E7B-95E2-F71985691E3A}.Debug|Any CPU.ActiveCfg = Debug|Any CPU
		{9C5C2CA6-13F5-4E7B-95E2-F71985691E3A}.Debug|Any CPU.Build.0 = Debug|Any CPU
		{9C5C2CA6-13F5-4E7B-95E2-F71985691E3A}.Release|Any CPU.ActiveCfg = Release|Any CPU
		{9C5C2CA6-13F5-4E7B-95E2-F71985691E3A}.Release|Any CPU.Build.0 = Release|Any CPU
	EndGlobalSection
EndGlobal
